# This file is automatically @generated by Cargo.
# It is not intended for manual editing.
version = 4

[[package]]
name = "apple-container"
version = "0.1.0"

[[package]]
name = "compostbin-cli"
version = "0.1.0"
dependencies = [
 "compostbin-core",
]

[[package]]
name = "compostbin-core"
version = "0.1.0"
dependencies = [
 "apple-container",
]
